
Microsoft Visual Studio Solution File, Format Version 12.00
# Visual Studio 2012
Project("{FAE04EC0-301F-11D3-BF4B-00C04F79EFBC}") = "Spawn", "Spawn\Spawn.csproj", "{633DABF8-11FE-4BFB-8E1A-AD9794F988FB}"
EndProject
Global
	GlobalSection(SolutionConfigurationPlatforms) = preSolution
		Debug|Any CPU = Debug|Any CPU
		Release|Any CPU = Release|Any CPU
	EndGlobalSection
	GlobalSection(ProjectConfigurationPlatforms) = postSolution
		{633DABF8-11FE-4BFB-8E1A-AD9794F988FB}.Debug|Any CPU.ActiveCfg = Debug|Any CPU
		{633DABF8-11FE-4BFB-8E1A-AD9794F988FB}.Debug|Any CPU.Build.0 = Debug|Any CPU
		{633DABF8-11FE-4BFB-8E1A-AD9794F988FB}.Release|Any CPU.ActiveCfg = Release|Any CPU
		{633DABF8-11FE-4BFB-8E1A-AD9794F988FB}.Release|Any CPU.Build.0 = Release|Any CPU
	EndGlobalSection
	GlobalSection(SolutionProperties) = preSolution
		HideSolutionNode = FALSE
	EndGlobalSection
EndGlobal
